
Microsoft Visual Studio Solution File, Format Version 12.00
# Visual Studio Version 17
VisualStudioVersion = 17.0.31903.59
MinimumVisualStudioVersion = 10.0.40219.1
Project("{2150E333-8FDC-42A3-9474-1A3956D46DE8}") = "src", "src", "{02EA681E-C7D8-13C7-8484-4AC65E1B71E8}"
EndProject
Project("{2150E333-8FDC-42A3-9474-1A3956D46DE8}") = "tests", "tests", "{4B59FA80-7731-45EA-8B43-0EBCC02FD7B8}"
EndProject
Project("{2150E333-8FDC-42A3-9474-1A3956D46DE8}") = "components", "components", "{6E5666A8-ED0F-4A96-BD9C-CF222C6B6F6F}"
EndProject
Project("{FAE04EC0-301F-11D3-BF4B-00C04F79EFBC}") = "CafeApp.Client", "CafeApp.Client\CafeApp.Client.csproj", "{0FDD3C6A-9930-2364-ACF2-F4C6C7ACF0AA}"
EndProject
Project("{FAE04EC0-301F-11D3-BF4B-00C04F79EFBC}") = "CafeApp.Server", "CafeApp.Server\CafeApp.Server.csproj", "{06C388F1-6A6F-22C3-2119-22573D0C4688}"
EndProject
Project("{FAE04EC0-301F-11D3-BF4B-00C04F79EFBC}") = "RestafeHub.AppHost", "RestafeHub.AppHost\RestafeHub.AppHost.csproj", "{0DC3F46E-DFA8-49EC-B0AA-B0D90808CFA7}"
EndProject
Project("{FAE04EC0-301F-11D3-BF4B-00C04F79EFBC}") = "RestafeHub.ServiceDefaults", "RestafeHub.ServiceDefaults\RestafeHub.ServiceDefaults.csproj", "{FDB20721-2F47-A144-3DC6-4A88C23E37E5}"
EndProject
Project("{FAE04EC0-301F-11D3-BF4B-00C04F79EFBC}") = "CafeApp.Domain", "CafeApp.Domain\CafeApp.Domain.csproj", "{D895DB50-68C0-468E-B5AC-D79F3F385F29}"
EndProject
Project("{FAE04EC0-301F-11D3-BF4B-00C04F79EFBC}") = "CafeApp.Shared", "CafeApp.Shared\CafeApp.Shared.csproj", "{A31A4F9C-5F91-4582-9158-0F574845EFD4}"
EndProject
Project("{FAE04EC0-301F-11D3-BF4B-00C04F79EFBC}") = "Components.Base", "Components.Base\Components.Base.csproj", "{C54F3679-C64B-48B2-9E5B-052748DCBEA8}"
EndProject
Project("{FAE04EC0-301F-11D3-BF4B-00C04F79EFBC}") = "Components.Menu", "Components.Menu\Components.Menu.csproj", "{52BDBA9C-7586-4C23-959F-5676044A314C}"
EndProject
Project("{FAE04EC0-301F-11D3-BF4B-00C04F79EFBC}") = "Components.Notification", "Components.Notification\Components.Notification.csproj", "{929A8D80-BE2F-4378-8830-C700F48D815F}"
EndProject
Project("{FAE04EC0-301F-11D3-BF4B-00C04F79EFBC}") = "Components.InventoryManagement", "Components.InventoryManagement\Components.InventoryManagement.csproj", "{DB147A05-F4C4-4C73-8006-38F98BED107A}"
EndProject
Project("{FAE04EC0-301F-11D3-BF4B-00C04F79EFBC}") = "Components.Attendance", "Components.Attendance\Components.Attendance.csproj", "{84798A1F-611D-4F65-96A0-06994A28478E}"
EndProject
Global
	GlobalSection(SolutionConfigurationPlatforms) = preSolution
		Debug|Any CPU = Debug|Any CPU
		Release|Any CPU = Release|Any CPU
	EndGlobalSection
	GlobalSection(ProjectConfigurationPlatforms) = postSolution
		{0FDD3C6A-9930-2364-ACF2-F4C6C7ACF0AA}.Debug|Any CPU.ActiveCfg = Debug|Any CPU
		{0FDD3C6A-9930-2364-ACF2-F4C6C7ACF0AA}.Debug|Any CPU.Build.0 = Debug|Any CPU
		{0FDD3C6A-9930-2364-ACF2-F4C6C7ACF0AA}.Release|Any CPU.ActiveCfg = Release|Any CPU
		{0FDD3C6A-9930-2364-ACF2-F4C6C7ACF0AA}.Release|Any CPU.Build.0 = Release|Any CPU
		{06C388F1-6A6F-22C3-2119-22573D0C4688}.Debug|Any CPU.ActiveCfg = Debug|Any CPU
		{06C388F1-6A6F-22C3-2119-22573D0C4688}.Debug|Any CPU.Build.0 = Debug|Any CPU
		{06C388F1-6A6F-22C3-2119-22573D0C4688}.Release|Any CPU.ActiveCfg = Release|Any CPU
		{06C388F1-6A6F-22C3-2119-22573D0C4688}.Release|Any CPU.Build.0 = Release|Any CPU
		{0DC3F46E-DFA8-49EC-B0AA-B0D90808CFA7}.Debug|Any CPU.ActiveCfg = Debug|Any CPU
		{0DC3F46E-DFA8-49EC-B0AA-B0D90808CFA7}.Debug|Any CPU.Build.0 = Debug|Any CPU
		{0DC3F46E-DFA8-49EC-B0AA-B0D90808CFA7}.Release|Any CPU.ActiveCfg = Release|Any CPU
		{0DC3F46E-DFA8-49EC-B0AA-B0D90808CFA7}.Release|Any CPU.Build.0 = Release|Any CPU
		{FDB20721-2F47-A144-3DC6-4A88C23E37E5}.Debug|Any CPU.ActiveCfg = Debug|Any CPU
		{FDB20721-2F47-A144-3DC6-4A88C23E37E5}.Debug|Any CPU.Build.0 = Debug|Any CPU
		{FDB20721-2F47-A144-3DC6-4A88C23E37E5}.Release|Any CPU.ActiveCfg = Release|Any CPU
		{FDB20721-2F47-A144-3DC6-4A88C23E37E5}.Release|Any CPU.Build.0 = Release|Any CPU
		{D895DB50-68C0-468E-B5AC-D79F3F385F29}.Debug|Any CPU.ActiveCfg = Debug|Any CPU
		{D895DB50-68C0-468E-B5AC-D79F3F385F29}.Debug|Any CPU.Build.0 = Debug|Any CPU
		{D895DB50-68C0-468E-B5AC-D79F3F385F29}.Release|Any CPU.ActiveCfg = Release|Any CPU
		{D895DB50-68C0-468E-B5AC-D79F3F385F29}.Release|Any CPU.Build.0 = Release|Any CPU
		{A31A4F9C-5F91-4582-9158-0F574845EFD4}.Debug|Any CPU.ActiveCfg = Debug|Any CPU
		{A31A4F9C-5F91-4582-9158-0F574845EFD4}.Debug|Any CPU.Build.0 = Debug|Any CPU
		{A31A4F9C-5F91-4582-9158-0F574845EFD4}.Release|Any CPU.ActiveCfg = Release|Any CPU
		{A31A4F9C-5F91-4582-9158-0F574845EFD4}.Release|Any CPU.Build.0 = Release|Any CPU
		{C54F3679-C64B-48B2-9E5B-052748DCBEA8}.Debug|Any CPU.ActiveCfg = Debug|Any CPU
		{C54F3679-C64B-48B2-9E5B-052748DCBEA8}.Debug|Any CPU.Build.0 = Debug|Any CPU
		{C54F3679-C64B-48B2-9E5B-052748DCBEA8}.Release|Any CPU.ActiveCfg = Release|Any CPU
		{C54F3679-C64B-48B2-9E5B-052748DCBEA8}.Release|Any CPU.Build.0 = Release|Any CPU
		{52BDBA9C-7586-4C23-959F-5676044A314C}.Debug|Any CPU.ActiveCfg = Debug|Any CPU
		{52BDBA9C-7586-4C23-959F-5676044A314C}.Debug|Any CPU.Build.0 = Debug|Any CPU
		{52BDBA9C-7586-4C23-959F-5676044A314C}.Release|Any CPU.ActiveCfg = Release|Any CPU
		{52BDBA9C-7586-4C23-959F-5676044A314C}.Release|Any CPU.Build.0 = Release|Any CPU
		{929A8D80-BE2F-4378-8830-C700F48D815F}.Debug|Any CPU.ActiveCfg = Debug|Any CPU
		{929A8D80-BE2F-4378-8830-C700F48D815F}.Debug|Any CPU.Build.0 = Debug|Any CPU
		{929A8D80-BE2F-4378-8830-C700F48D815F}.Release|Any CPU.ActiveCfg = Release|Any CPU
		{929A8D80-BE2F-4378-8830-C700F48D815F}.Release|Any CPU.Build.0 = Release|Any CPU
		{DB147A05-F4C4-4C73-8006-38F98BED107A}.Debug|Any CPU.ActiveCfg = Debug|Any CPU
		{DB147A05-F4C4-4C73-8006-38F98BED107A}.Debug|Any CPU.Build.0 = Debug|Any CPU
		{DB147A05-F4C4-4C73-8006-38F98BED107A}.Release|Any CPU.ActiveCfg = Release|Any CPU
		{DB147A05-F4C4-4C73-8006-38F98BED107A}.Release|Any CPU.Build.0 = Release|Any CPU
		{84798A1F-611D-4F65-96A0-06994A28478E}.Debug|Any CPU.ActiveCfg = Debug|Any CPU
		{84798A1F-611D-4F65-96A0-06994A28478E}.Debug|Any CPU.Build.0 = Debug|Any CPU
		{84798A1F-611D-4F65-96A0-06994A28478E}.Release|Any CPU.ActiveCfg = Release|Any CPU
		{84798A1F-611D-4F65-96A0-06994A28478E}.Release|Any CPU.Build.0 = Release|Any CPU
	EndGlobalSection
	GlobalSection(SolutionProperties) = preSolution
		HideSolutionNode = FALSE
	EndGlobalSection
	GlobalSection(NestedProjects) = preSolution
		{6E5666A8-ED0F-4A96-BD9C-CF222C6B6F6F} = {02EA681E-C7D8-13C7-8484-4AC65E1B71E8}
		{0FDD3C6A-9930-2364-ACF2-F4C6C7ACF0AA} = {02EA681E-C7D8-13C7-8484-4AC65E1B71E8}
		{06C388F1-6A6F-22C3-2119-22573D0C4688} = {02EA681E-C7D8-13C7-8484-4AC65E1B71E8}
		{D895DB50-68C0-468E-B5AC-D79F3F385F29} = {02EA681E-C7D8-13C7-8484-4AC65E1B71E8}
		{A31A4F9C-5F91-4582-9158-0F574845EFD4} = {02EA681E-C7D8-13C7-8484-4AC65E1B71E8}
		{C54F3679-C64B-48B2-9E5B-052748DCBEA8} = {6E5666A8-ED0F-4A96-BD9C-CF222C6B6F6F}
		{52BDBA9C-7586-4C23-959F-5676044A314C} = {6E5666A8-ED0F-4A96-BD9C-CF222C6B6F6F}
		{929A8D80-BE2F-4378-8830-C700F48D815F} = {6E5666A8-ED0F-4A96-BD9C-CF222C6B6F6F}
		{DB147A05-F4C4-4C73-8006-38F98BED107A} = {6E5666A8-ED0F-4A96-BD9C-CF222C6B6F6F}
		{84798A1F-611D-4F65-96A0-06994A28478E} = {6E5666A8-ED0F-4A96-BD9C-CF222C6B6F6F}
	EndGlobalSection
	GlobalSection(ExtensibilityGlobals) = postSolution
		SolutionGuid = {7F3A8BCB-1812-4A5C-ABD5-05DFA95AE2AD}
	EndGlobalSection
EndGlobal
